
Microsoft Visual Studio Solution File, Format Version 12.00
# Visual Studio 2012
Project("{FAE04EC0-301F-11D3-BF4B-00C04F79EFBC}") = "WeixinMP.CommonService", "WeixinMP.CommonService\WeixinMP.CommonService.csproj", "{2596D951-C368-4DB3-8FE3-5C6F5C7D4B7E}"
EndProject
Project("{FAE04EC0-301F-11D3-BF4B-00C04F79EFBC}") = "WeixinMP", "WeixinMP\WeixinMP.csproj", "{6BBC9B7F-B608-4A5C-9237-F34421A701A0}"
EndProject
Global
	GlobalSection(SolutionConfigurationPlatforms) = preSolution
		Debug|Any CPU = Debug|Any CPU
		Release|Any CPU = Release|Any CPU
	EndGlobalSection
	GlobalSection(ProjectConfigurationPlatforms) = postSolution
		{2596D951-C368-4DB3-8FE3-5C6F5C7D4B7E}.Debug|Any CPU.ActiveCfg = Debug|Any CPU
		{2596D951-C368-4DB3-8FE3-5C6F5C7D4B7E}.Debug|Any CPU.Build.0 = Debug|Any CPU
		{2596D951-C368-4DB3-8FE3-5C6F5C7D4B7E}.Release|Any CPU.ActiveCfg = Release|Any CPU
		{2596D951-C368-4DB3-8FE3-5C6F5C7D4B7E}.Release|Any CPU.Build.0 = Release|Any CPU
		{6BBC9B7F-B608-4A5C-9237-F34421A701A0}.Debug|Any CPU.ActiveCfg = Debug|Any CPU
		{6BBC9B7F-B608-4A5C-9237-F34421A701A0}.Debug|Any CPU.Build.0 = Debug|Any CPU
		{6BBC9B7F-B608-4A5C-9237-F34421A701A0}.Release|Any CPU.ActiveCfg = Release|Any CPU
		{6BBC9B7F-B608-4A5C-9237-F34421A701A0}.Release|Any CPU.Build.0 = Release|Any CPU
	EndGlobalSection
	GlobalSection(SolutionProperties) = preSolution
		HideSolutionNode = FALSE
	EndGlobalSection
EndGlobal
